// !$*UTF8*$!
{
	archiveVersion = 1;
	classes = {
	};
	objectVersion = 50;
	objects = {

/* Begin PBXBuildFile section */
		52176207244556BB00EB38A7 /* AppDelegate.swift in Sources */ = {isa = PBXBuildFile; fileRef = 52176206244556BB00EB38A7 /* AppDelegate.swift */; };
		52176209244556BB00EB38A7 /* SceneDelegate.swift in Sources */ = {isa = PBXBuildFile; fileRef = 52176208244556BB00EB38A7 /* SceneDelegate.swift */; };
		5217620B244556BB00EB38A7 /* MediaFeedVC.swift in Sources */ = {isa = PBXBuildFile; fileRef = 5217620A244556BB00EB38A7 /* MediaFeedVC.swift */; };
		5217620E244556BB00EB38A7 /* Main.storyboard in Resources */ = {isa = PBXBuildFile; fileRef = 5217620C244556BB00EB38A7 /* Main.storyboard */; };
		52176210244556BC00EB38A7 /* Assets.xcassets in Resources */ = {isa = PBXBuildFile; fileRef = 5217620F244556BC00EB38A7 /* Assets.xcassets */; };
		52176213244556BC00EB38A7 /* LaunchScreen.storyboard in Resources */ = {isa = PBXBuildFile; fileRef = 52176211244556BC00EB38A7 /* LaunchScreen.storyboard */; };
		52885EC22446191C007E4A3C /* MediaFeedDataModel.xcdatamodeld in Sources */ = {isa = PBXBuildFile; fileRef = 52885EC02446191C007E4A3C /* MediaFeedDataModel.xcdatamodeld */; };
		52885EC524461BD6007E4A3C /* CDMediaObject+CoreDataClass.swift in Sources */ = {isa = PBXBuildFile; fileRef = 52885EC324461BD6007E4A3C /* CDMediaObject+CoreDataClass.swift */; };
		52885EC624461BD6007E4A3C /* CDMediaObject+CoreDataProperties.swift in Sources */ = {isa = PBXBuildFile; fileRef = 52885EC424461BD6007E4A3C /* CDMediaObject+CoreDataProperties.swift */; };
		529CF33E24455F7900553B46 /* MediaCell.swift in Sources */ = {isa = PBXBuildFile; fileRef = 529CF33D24455F7900553B46 /* MediaCell.swift */; };
		529CF34024455FAE00553B46 /* HeaderView.swift in Sources */ = {isa = PBXBuildFile; fileRef = 529CF33F24455FAE00553B46 /* HeaderView.swift */; };
		529CF3422445630A00553B46 /* MediaObject.swift in Sources */ = {isa = PBXBuildFile; fileRef = 529CF3412445630A00553B46 /* MediaObject.swift */; };
		529CF344244571C300553B46 /* Thumbnail-Image.swift in Sources */ = {isa = PBXBuildFile; fileRef = 529CF343244571C300553B46 /* Thumbnail-Image.swift */; };
/* End PBXBuildFile section */

/* Begin PBXFileReference section */
		52176203244556BB00EB38A7 /* AVFoundation-MediaFeed.app */ = {isa = PBXFileReference; explicitFileType = wrapper.application; includeInIndex = 0; path = "AVFoundation-MediaFeed.app"; sourceTree = BUILT_PRODUCTS_DIR; };
		52176206244556BB00EB38A7 /* AppDelegate.swift */ = {isa = PBXFileReference; lastKnownFileType = sourcecode.swift; path = AppDelegate.swift; sourceTree = "<group>"; };
		52176208244556BB00EB38A7 /* SceneDelegate.swift */ = {isa = PBXFileReference; lastKnownFileType = sourcecode.swift; path = SceneDelegate.swift; sourceTree = "<group>"; };
		5217620A244556BB00EB38A7 /* MediaFeedVC.swift */ = {isa = PBXFileReference; lastKnownFileType = sourcecode.swift; path = MediaFeedVC.swift; sourceTree = "<group>"; };
		5217620D244556BB00EB38A7 /* Base */ = {isa = PBXFileReference; lastKnownFileType = file.storyboard; name = Base; path = Base.lproj/Main.storyboard; sourceTree = "<group>"; };
		5217620F244556BC00EB38A7 /* Assets.xcassets */ = {isa = PBXFileReference; lastKnownFileType = folder.assetcatalog; path = Assets.xcassets; sourceTree = "<group>"; };
		52176212244556BC00EB38A7 /* Base */ = {isa = PBXFileReference; lastKnownFileType = file.storyboard; name = Base; path = Base.lproj/LaunchScreen.storyboard; sourceTree = "<group>"; };
		52176214244556BC00EB38A7 /* Info.plist */ = {isa = PBXFileReference; lastKnownFileType = text.plist.xml; path = Info.plist; sourceTree = "<group>"; };
		52885EC12446191C007E4A3C /* MediaFeedDataModel.xcdatamodel */ = {isa = PBXFileReference; lastKnownFileType = wrapper.xcdatamodel; path = MediaFeedDataModel.xcdatamodel; sourceTree = "<group>"; };
		52885EC324461BD6007E4A3C /* CDMediaObject+CoreDataClass.swift */ = {isa = PBXFileReference; lastKnownFileType = sourcecode.swift; path = "CDMediaObject+CoreDataClass.swift"; sourceTree = "<group>"; };
		52885EC424461BD6007E4A3C /* CDMediaObject+CoreDataProperties.swift */ = {isa = PBXFileReference; lastKnownFileType = sourcecode.swift; path = "CDMediaObject+CoreDataProperties.swift"; sourceTree = "<group>"; };
		529CF33D24455F7900553B46 /* MediaCell.swift */ = {isa = PBXFileReference; lastKnownFileType = sourcecode.swift; path = MediaCell.swift; sourceTree = "<group>"; };
		529CF33F24455FAE00553B46 /* HeaderView.swift */ = {isa = PBXFileReference; lastKnownFileType = sourcecode.swift; path = HeaderView.swift; sourceTree = "<group>"; };
		529CF3412445630A00553B46 /* MediaObject.swift */ = {isa = PBXFileReference; lastKnownFileType = sourcecode.swift; path = MediaObject.swift; sourceTree = "<group>"; };
		529CF343244571C300553B46 /* Thumbnail-Image.swift */ = {isa = PBXFileReference; lastKnownFileType = sourcecode.swift; path = "Thumbnail-Image.swift"; sourceTree = "<group>"; };
/* End PBXFileReference section */

/* Begin PBXFrameworksBuildPhase section */
		52176200244556BB00EB38A7 /* Frameworks */ = {
			isa = PBXFrameworksBuildPhase;
			buildActionMask = 2147483647;
			files = (
			);
			runOnlyForDeploymentPostprocessing = 0;
		};
/* End PBXFrameworksBuildPhase section */

/* Begin PBXGroup section */
		521761FA244556BB00EB38A7 = {
			isa = PBXGroup;
			children = (
				52176205244556BB00EB38A7 /* AVFoundation-MediaFeed */,
				52176204244556BB00EB38A7 /* Products */,
			);
			sourceTree = "<group>";
		};
		52176204244556BB00EB38A7 /* Products */ = {
			isa = PBXGroup;
			children = (
				52176203244556BB00EB38A7 /* AVFoundation-MediaFeed.app */,
			);
			name = Products;
			sourceTree = "<group>";
		};
		52176205244556BB00EB38A7 /* AVFoundation-MediaFeed */ = {
			isa = PBXGroup;
			children = (
				52176206244556BB00EB38A7 /* AppDelegate.swift */,
				52176208244556BB00EB38A7 /* SceneDelegate.swift */,
				5217620A244556BB00EB38A7 /* MediaFeedVC.swift */,
				529CF343244571C300553B46 /* Thumbnail-Image.swift */,
				52885EC324461BD6007E4A3C /* CDMediaObject+CoreDataClass.swift */,
				52885EC424461BD6007E4A3C /* CDMediaObject+CoreDataProperties.swift */,
				529CF3412445630A00553B46 /* MediaObject.swift */,
				52885EC02446191C007E4A3C /* MediaFeedDataModel.xcdatamodeld */,
				529CF33F24455FAE00553B46 /* HeaderView.swift */,
				5217620C244556BB00EB38A7 /* Main.storyboard */,
				5217620F244556BC00EB38A7 /* Assets.xcassets */,
				52176211244556BC00EB38A7 /* LaunchScreen.storyboard */,
				52176214244556BC00EB38A7 /* Info.plist */,
				529CF33D24455F7900553B46 /* MediaCell.swift */,
			);
			path = "AVFoundation-MediaFeed";
			sourceTree = "<group>";
		};
/* End PBXGroup section */

/* Begin PBXNativeTarget section */
		52176202244556BB00EB38A7 /* AVFoundation-MediaFeed */ = {
			isa = PBXNativeTarget;
			buildConfigurationList = 52176217244556BC00EB38A7 /* Build configuration list for PBXNativeTarget "AVFoundation-MediaFeed" */;
			buildPhases = (
				521761FF244556BB00EB38A7 /* Sources */,
				52176200244556BB00EB38A7 /* Frameworks */,
				52176201244556BB00EB38A7 /* Resources */,
			);
			buildRules = (
			);
			dependencies = (
			);
			name = "AVFoundation-MediaFeed";
			productName = "AVFoundation-MediaFeed";
			productReference = 52176203244556BB00EB38A7 /* AVFoundation-MediaFeed.app */;
			productType = "com.apple.product-type.application";
		};
/* End PBXNativeTarget section */

/* Begin PBXProject section */
		521761FB244556BB00EB38A7 /* Project object */ = {
			isa = PBXProject;
			attributes = {
				LastSwiftUpdateCheck = 1140;
				LastUpgradeCheck = 1140;
				ORGANIZATIONNAME = "Tsering Lama";
				TargetAttributes = {
					52176202244556BB00EB38A7 = {
						CreatedOnToolsVersion = 11.4;
					};
				};
			};
			buildConfigurationList = 521761FE244556BB00EB38A7 /* Build configuration list for PBXProject "AVFoundation-MediaFeed" */;
			compatibilityVersion = "Xcode 9.3";
			developmentRegion = en;
			hasScannedForEncodings = 0;
			knownRegions = (
				en,
				Base,
			);
			mainGroup = 521761FA244556BB00EB38A7;
			productRefGroup = 52176204244556BB00EB38A7 /* Products */;
			projectDirPath = "";
			projectRoot = "";
			targets = (
				52176202244556BB00EB38A7 /* AVFoundation-MediaFeed */,
			);
		};
/* End PBXProject section */

/* Begin PBXResourcesBuildPhase section */
		52176201244556BB00EB38A7 /* Resources */ = {
			isa = PBXResourcesBuildPhase;
			buildActionMask = 2147483647;
			files = (
				52176213244556BC00EB38A7 /* LaunchScreen.storyboard in Resources */,
				52176210244556BC00EB38A7 /* Assets.xcassets in Resources */,
				5217620E244556BB00EB38A7 /* Main.storyboard in Resources */,
			);
			runOnlyForDeploymentPostprocessing = 0;
		};
/* End PBXResourcesBuildPhase section */

/* Begin PBXSourcesBuildPhase section */
		521761FF244556BB00EB38A7 /* Sources */ = {
			isa = PBXSourcesBuildPhase;
			buildActionMask = 2147483647;
			files = (
				529CF34024455FAE00553B46 /* HeaderView.swift in Sources */,
				529CF3422445630A00553B46 /* MediaObject.swift in Sources */,
				52885EC624461BD6007E4A3C /* CDMediaObject+CoreDataProperties.swift in Sources */,
				529CF344244571C300553B46 /* Thumbnail-Image.swift in Sources */,
				5217620B244556BB00EB38A7 /* MediaFeedVC.swift in Sources */,
				52176207244556BB00EB38A7 /* AppDelegate.swift in Sources */,
				529CF33E24455F7900553B46 /* MediaCell.swift in Sources */,
				52885EC22446191C007E4A3C /* MediaFeedDataModel.xcdatamodeld in Sources */,
				52885EC524461BD6007E4A3C /* CDMediaObject+CoreDataClass.swift in Sources */,
				52176209244556BB00EB38A7 /* SceneDelegate.swift in Sources */,
			);
			runOnlyForDeploymentPostprocessing = 0;
		};
/* End PBXSourcesBuildPhase section */

/* Begin PBXVariantGroup section */
		5217620C244556BB00EB38A7 /* Main.storyboard */ = {
			isa = PBXVariantGroup;
			children = (
				5217620D244556BB00EB38A7 /* Base */,
			);
			name = Main.storyboard;
			sourceTree = "<group>";
		};
		52176211244556BC00EB38A7 /* LaunchScreen.storyboard */ = {
			isa = PBXVariantGroup;
			children = (
				52176212244556BC00EB38A7 /* Base */,
			);
			name = LaunchScreen.storyboard;
			sourceTree = "<group>";
		};
/* End PBXVariantGroup section */

/* Begin XCBuildConfiguration section */
		52176215244556BC00EB38A7 /* Debug */ = {
			isa = XCBuildConfiguration;
			buildSettings = {
				ALWAYS_SEARCH_USER_PATHS = NO;
				CLANG_ANALYZER_NONNULL = YES;
				CLANG_ANALYZER_NUMBER_OBJECT_CONVERSION = YES_AGGRESSIVE;
				CLANG_CXX_LANGUAGE_STANDARD = "gnu++14";
				CLANG_CXX_LIBRARY = "libc++";
				CLANG_ENABLE_MODULES = YES;
				CLANG_ENABLE_OBJC_ARC = YES;
				CLANG_ENABLE_OBJC_WEAK = YES;
				CLANG_WARN_BLOCK_CAPTURE_AUTORELEASING = YES;
				CLANG_WARN_BOOL_CONVERSION = YES;
				CLANG_WARN_COMMA = YES;
				CLANG_WARN_CONSTANT_CONVERSION = YES;
				CLANG_WARN_DEPRECATED_OBJC_IMPLEMENTATIONS = YES;
				CLANG_WARN_DIRECT_OBJC_ISA_USAGE = YES_ERROR;
				CLANG_WARN_DOCUMENTATION_COMMENTS = YES;
				CLANG_WARN_EMPTY_BODY = YES;
				CLANG_WARN_ENUM_CONVERSION = YES;
				CLANG_WARN_INFINITE_RECURSION = YES;
				CLANG_WARN_INT_CONVERSION = YES;
				CLANG_WARN_NON_LITERAL_NULL_CONVERSION = YES;
				CLANG_WARN_OBJC_IMPLICIT_RETAIN_SELF = YES;
				CLANG_WARN_OBJC_LITERAL_CONVERSION = YES;
				CLANG_WARN_OBJC_ROOT_CLASS = YES_ERROR;
				CLANG_WARN_RANGE_LOOP_ANALYSIS = YES;
				CLANG_WARN_STRICT_PROTOTYPES = YES;
				CLANG_WARN_SUSPICIOUS_MOVE = YES;
				CLANG_WARN_UNGUARDED_AVAILABILITY = YES_AGGRESSIVE;
				CLANG_WARN_UNREACHABLE_CODE = YES;
				CLANG_WARN__DUPLICATE_METHOD_MATCH = YES;
				COPY_PHASE_STRIP = NO;
				DEBUG_INFORMATION_FORMAT = dwarf;
				ENABLE_STRICT_OBJC_MSGSEND = YES;
				ENABLE_TESTABILITY = YES;
				GCC_C_LANGUAGE_STANDARD = gnu11;
				GCC_DYNAMIC_NO_PIC = NO;
				GCC_NO_COMMON_BLOCKS = YES;
				GCC_OPTIMIZATION_LEVEL = 0;
				GCC_PREPROCESSOR_DEFINITIONS = (
					"DEBUG=1",
					"$(inherited)",
				);
				GCC_WARN_64_TO_32_BIT_CONVERSION = YES;
				GCC_WARN_ABOUT_RETURN_TYPE = YES_ERROR;
				GCC_WARN_UNDECLARED_SELECTOR = YES;
				GCC_WARN_UNINITIALIZED_AUTOS = YES_AGGRESSIVE;
				GCC_WARN_UNUSED_FUNCTION = YES;
				GCC_WARN_UNUSED_VARIABLE = YES;
				IPHONEOS_DEPLOYMENT_TARGET = 13.4;
				MTL_ENABLE_DEBUG_INFO = INCLUDE_SOURCE;
				MTL_FAST_MATH = YES;
				ONLY_ACTIVE_ARCH = YES;
				SDKROOT = iphoneos;
				SWIFT_ACTIVE_COMPILATION_CONDITIONS = DEBUG;
				SWIFT_OPTIMIZATION_LEVEL = "-Onone";
			};
			name = Debug;
		};
		52176216244556BC00EB38A7 /* Release */ = {
			isa = XCBuildConfiguration;
			buildSettings = {
				ALWAYS_SEARCH_USER_PATHS = NO;
				CLANG_ANALYZER_NONNULL = YES;
				CLANG_ANALYZER_NUMBER_OBJECT_CONVERSION = YES_AGGRESSIVE;
				CLANG_CXX_LANGUAGE_STANDARD = "gnu++14";
				CLANG_CXX_LIBRARY = "libc++";
				CLANG_ENABLE_MODULES = YES;
				CLANG_ENABLE_OBJC_ARC = YES;
				CLANG_ENABLE_OBJC_WEAK = YES;
				CLANG_WARN_BLOCK_CAPTURE_AUTORELEASING = YES;
				CLANG_WARN_BOOL_CONVERSION = YES;
				CLANG_WARN_COMMA = YES;
				CLANG_WARN_CONSTANT_CONVERSION = YES;
				CLANG_WARN_DEPRECATED_OBJC_IMPLEMENTATIONS = YES;
				CLANG_WARN_DIRECT_OBJC_ISA_USAGE = YES_ERROR;
				CLANG_WARN_DOCUMENTATION_COMMENTS = YES;
				CLANG_WARN_EMPTY_BODY = YES;
				CLANG_WARN_ENUM_CONVERSION = YES;
				CLANG_WARN_INFINITE_RECURSION = YES;
				CLANG_WARN_INT_CONVERSION = YES;
				CLANG_WARN_NON_LITERAL_NULL_CONVERSION = YES;
				CLANG_WARN_OBJC_IMPLICIT_RETAIN_SELF = YES;
				CLANG_WARN_OBJC_LITERAL_CONVERSION = YES;
				CLANG_WARN_OBJC_ROOT_CLASS = YES_ERROR;
				CLANG_WARN_RANGE_LOOP_ANALYSIS = YES;
				CLANG_WARN_STRICT_PROTOTYPES = YES;
				CLANG_WARN_SUSPICIOUS_MOVE = YES;
				CLANG_WARN_UNGUARDED_AVAILABILITY = YES_AGGRESSIVE;
				CLANG_WARN_UNREACHABLE_CODE = YES;
				CLANG_WARN__DUPLICATE_METHOD_MATCH = YES;
				COPY_PHASE_STRIP = NO;
				DEBUG_INFORMATION_FORMAT = "dwarf-with-dsym";
				ENABLE_NS_ASSERTIONS = NO;
				ENABLE_STRICT_OBJC_MSGSEND = YES;
				GCC_C_LANGUAGE_STANDARD = gnu11;
				GCC_NO_COMMON_BLOCKS = YES;
				GCC_WARN_64_TO_32_BIT_CONVERSION = YES;
				GCC_WARN_ABOUT_RETURN_TYPE = YES_ERROR;
				GCC_WARN_UNDECLARED_SELECTOR = YES;
				GCC_WARN_UNINITIALIZED_AUTOS = YES_AGGRESSIVE;
				GCC_WARN_UNUSED_FUNCTION = YES;
				GCC_WARN_UNUSED_VARIABLE = YES;
				IPHONEOS_DEPLOYMENT_TARGET = 13.4;
				MTL_ENABLE_DEBUG_INFO = NO;
				MTL_FAST_MATH = YES;
				SDKROOT = iphoneos;
				SWIFT_COMPILATION_MODE = wholemodule;
				SWIFT_OPTIMIZATION_LEVEL = "-O";
				VALIDATE_PRODUCT = YES;
			};
			name = Release;
		};
		52176218244556BC00EB38A7 /* Debug */ = {
			isa = XCBuildConfiguration;
			buildSettings = {
				ASSETCATALOG_COMPILER_APPICON_NAME = AppIcon;
				CODE_SIGN_STYLE = Automatic;
				DEVELOPMENT_TEAM = 83DYP84L8W;
				INFOPLIST_FILE = "AVFoundation-MediaFeed/Info.plist";
				IPHONEOS_DEPLOYMENT_TARGET = 13.2;
				LD_RUNPATH_SEARCH_PATHS = (
					"$(inherited)",
					"@executable_path/Frameworks",
				);
				PRODUCT_BUNDLE_IDENTIFIER = com.alexcpaul.ImagePickerp;
				PRODUCT_NAME = "$(TARGET_NAME)";
				SWIFT_VERSION = 5.0;
				TARGETED_DEVICE_FAMILY = "1,2";
			};
			name = Debug;
		};
		52176219244556BC00EB38A7 /* Release */ = {
			isa = XCBuildConfiguration;
			buildSettings = {
				ASSETCATALOG_COMPILER_APPICON_NAME = AppIcon;
				CODE_SIGN_STYLE = Automatic;
				DEVELOPMENT_TEAM = 83DYP84L8W;
				INFOPLIST_FILE = "AVFoundation-MediaFeed/Info.plist";
				IPHONEOS_DEPLOYMENT_TARGET = 13.2;
				LD_RUNPATH_SEARCH_PATHS = (
					"$(inherited)",
					"@executable_path/Frameworks",
				);
				PRODUCT_BUNDLE_IDENTIFIER = com.alexcpaul.ImagePickerp;
				PRODUCT_NAME = "$(TARGET_NAME)";
				SWIFT_VERSION = 5.0;
				TARGETED_DEVICE_FAMILY = "1,2";
			};
			name = Release;
		};
/* End XCBuildConfiguration section */

/* Begin XCConfigurationList section */
		521761FE244556BB00EB38A7 /* Build configuration list for PBXProject "AVFoundation-MediaFeed" */ = {
			isa = XCConfigurationList;
			buildConfigurations = (
				52176215244556BC00EB38A7 /* Debug */,
				52176216244556BC00EB38A7 /* Release */,
			);
			defaultConfigurationIsVisible = 0;
			defaultConfigurationName = Release;
		};
		52176217244556BC00EB38A7 /* Build configuration list for PBXNativeTarget "AVFoundation-MediaFeed" */ = {
			isa = XCConfigurationList;
			buildConfigurations = (
				52176218244556BC00EB38A7 /* Debug */,
				52176219244556BC00EB38A7 /* Release */,
			);
			defaultConfigurationIsVisible = 0;
			defaultConfigurationName = Release;
		};
/* End XCConfigurationList section */

/* Begin XCVersionGroup section */
		52885EC02446191C007E4A3C /* MediaFeedDataModel.xcdatamodeld */ = {
			isa = XCVersionGroup;
			children = (
				52885EC12446191C007E4A3C /* MediaFeedDataModel.xcdatamodel */,
			);
			currentVersion = 52885EC12446191C007E4A3C /* MediaFeedDataModel.xcdatamodel */;
			path = MediaFeedDataModel.xcdatamodeld;
			sourceTree = "<group>";
			versionGroupType = wrapper.xcdatamodel;
		};
/* End XCVersionGroup section */
	};
	rootObject = 521761FB244556BB00EB38A7 /* Project object */;
}
